
Microsoft Visual Studio Solution File, Format Version 12.00
# Visual Studio 15
VisualStudioVersion = 15.0.26430.16
MinimumVisualStudioVersion = 10.0.40219.1
Project("{FAE04EC0-301F-11D3-BF4B-00C04F79EFBC}") = "DbBackupper", "DbBackupper\DbBackupper.csproj", "{73FB8FEF-71A5-4B33-BA71-89AE686B0260}"
EndProject
Project("{FAE04EC0-301F-11D3-BF4B-00C04F79EFBC}") = "ProcessDemo", "ProcessDemo\ProcessDemo.csproj", "{FFCE458F-AC4E-4FFE-AF7A-10C40BDF89A3}"
EndProject
Global
	GlobalSection(SolutionConfigurationPlatforms) = preSolution
		Debug|Any CPU = Debug|Any CPU
		Release|Any CPU = Release|Any CPU
	EndGlobalSection
	GlobalSection(ProjectConfigurationPlatforms) = postSolution
		{73FB8FEF-71A5-4B33-BA71-89AE686B0260}.Debug|Any CPU.ActiveCfg = Debug|Any CPU
		{73FB8FEF-71A5-4B33-BA71-89AE686B0260}.Debug|Any CPU.Build.0 = Debug|Any CPU
		{73FB8FEF-71A5-4B33-BA71-89AE686B0260}.Release|Any CPU.ActiveCfg = Release|Any CPU
		{73FB8FEF-71A5-4B33-BA71-89AE686B0260}.Release|Any CPU.Build.0 = Release|Any CPU
		{FFCE458F-AC4E-4FFE-AF7A-10C40BDF89A3}.Debug|Any CPU.ActiveCfg = Debug|Any CPU
		{FFCE458F-AC4E-4FFE-AF7A-10C40BDF89A3}.Debug|Any CPU.Build.0 = Debug|Any CPU
		{FFCE458F-AC4E-4FFE-AF7A-10C40BDF89A3}.Release|Any CPU.ActiveCfg = Release|Any CPU
		{FFCE458F-AC4E-4FFE-AF7A-10C40BDF89A3}.Release|Any CPU.Build.0 = Release|Any CPU
	EndGlobalSection
	GlobalSection(SolutionProperties) = preSolution
		HideSolutionNode = FALSE
	EndGlobalSection
	GlobalSection(ExtensibilityGlobals) = postSolution
		EnterpriseLibraryConfigurationToolBinariesPathV6 = packages\EnterpriseLibrary.Common.6.0.1304.0\lib\NET45;packages\EnterpriseLibrary.Data.6.0.1304.0\lib\NET45
	EndGlobalSection
EndGlobal
